
Microsoft Visual Studio Solution File, Format Version 12.00
# Visual Studio Version 17
VisualStudioVersion = 17.14.36203.30 d17.14
MinimumVisualStudioVersion = 10.0.40219.1
Project("{FAE04EC0-301F-11D3-BF4B-00C04F79EFBC}") = "Lab1", "Lab1\Lab1.csproj", "{82B11A08-E252-4F0F-B6B9-DD7315C4D840}"
EndProject
Global
	GlobalSection(SolutionConfigurationPlatforms) = preSolution
		Debug|Any CPU = Debug|Any CPU
		Release|Any CPU = Release|Any CPU
	EndGlobalSection
	GlobalSection(ProjectConfigurationPlatforms) = postSolution
		{82B11A08-E252-4F0F-B6B9-DD7315C4D840}.Debug|Any CPU.ActiveCfg = Debug|Any CPU
		{82B11A08-E252-4F0F-B6B9-DD7315C4D840}.Debug|Any CPU.Build.0 = Debug|Any CPU
		{82B11A08-E252-4F0F-B6B9-DD7315C4D840}.Release|Any CPU.ActiveCfg = Release|Any CPU
		{82B11A08-E252-4F0F-B6B9-DD7315C4D840}.Release|Any CPU.Build.0 = Release|Any CPU
	EndGlobalSection
	GlobalSection(SolutionProperties) = preSolution
		HideSolutionNode = FALSE
	EndGlobalSection
	GlobalSection(ExtensibilityGlobals) = postSolution
		SolutionGuid = {F3238813-57F2-4AFB-813F-28278B8FD3EF}
	EndGlobalSection
EndGlobal
